
Microsoft Visual Studio Solution File, Format Version 12.00
# Visual Studio Version 17
VisualStudioVersion = 17.10.35013.160
MinimumVisualStudioVersion = 10.0.40219.1
Project("{FAE04EC0-301F-11D3-BF4B-00C04F79EFBC}") = "ConsultaEstadisticasTorneo", "ConsultaEstadisticasTorneo\ConsultaEstadisticasTorneo.csproj", "{0D00E533-AB76-4487-A67C-7637BCC7977A}"
EndProject
Global
	GlobalSection(SolutionConfigurationPlatforms) = preSolution
		Debug|Any CPU = Debug|Any CPU
		Release|Any CPU = Release|Any CPU
	EndGlobalSection
	GlobalSection(ProjectConfigurationPlatforms) = postSolution
		{0D00E533-AB76-4487-A67C-7637BCC7977A}.Debug|Any CPU.ActiveCfg = Debug|Any CPU
		{0D00E533-AB76-4487-A67C-7637BCC7977A}.Debug|Any CPU.Build.0 = Debug|Any CPU
		{0D00E533-AB76-4487-A67C-7637BCC7977A}.Release|Any CPU.ActiveCfg = Release|Any CPU
		{0D00E533-AB76-4487-A67C-7637BCC7977A}.Release|Any CPU.Build.0 = Release|Any CPU
	EndGlobalSection
	GlobalSection(SolutionProperties) = preSolution
		HideSolutionNode = FALSE
	EndGlobalSection
	GlobalSection(ExtensibilityGlobals) = postSolution
		SolutionGuid = {A9F3A11E-0FB9-4318-B394-55BEB44A7EE7}
	EndGlobalSection
EndGlobal
